// !$*UTF8*$!
{
	archiveVersion = 1;
	classes = {
	};
	objectVersion = 50;
	objects = {

/* Begin PBXBuildFile section */
		52DC0FE62595E063009AC759 /* AppDelegate.swift in Sources */ = {isa = PBXBuildFile; fileRef = 52DC0FE52595E063009AC759 /* AppDelegate.swift */; };
		52DC0FE82595E063009AC759 /* SceneDelegate.swift in Sources */ = {isa = PBXBuildFile; fileRef = 52DC0FE72595E063009AC759 /* SceneDelegate.swift */; };
		52DC0FEA2595E063009AC759 /* ViewController.swift in Sources */ = {isa = PBXBuildFile; fileRef = 52DC0FE92595E063009AC759 /* ViewController.swift */; };
		52DC0FED2595E063009AC759 /* Main.storyboard in Resources */ = {isa = PBXBuildFile; fileRef = 52DC0FEB2595E063009AC759 /* Main.storyboard */; };
		52DC0FEF2595E066009AC759 /* Assets.xcassets in Resources */ = {isa = PBXBuildFile; fileRef = 52DC0FEE2595E066009AC759 /* Assets.xcassets */; };
		52DC0FF22595E066009AC759 /* LaunchScreen.storyboard in Resources */ = {isa = PBXBuildFile; fileRef = 52DC0FF02595E066009AC759 /* LaunchScreen.storyboard */; };
		52DC0FFB2595FA82009AC759 /* TaskCell.swift in Sources */ = {isa = PBXBuildFile; fileRef = 52DC0FFA2595FA82009AC759 /* TaskCell.swift */; };
/* End PBXBuildFile section */

/* Begin PBXFileReference section */
		52DC0FE22595E063009AC759 /* ProjectEuler.app */ = {isa = PBXFileReference; explicitFileType = wrapper.application; includeInIndex = 0; path = ProjectEuler.app; sourceTree = BUILT_PRODUCTS_DIR; };
		52DC0FE52595E063009AC759 /* AppDelegate.swift */ = {isa = PBXFileReference; lastKnownFileType = sourcecode.swift; path = AppDelegate.swift; sourceTree = "<group>"; };
		52DC0FE72595E063009AC759 /* SceneDelegate.swift */ = {isa = PBXFileReference; lastKnownFileType = sourcecode.swift; path = SceneDelegate.swift; sourceTree = "<group>"; };
		52DC0FE92595E063009AC759 /* ViewController.swift */ = {isa = PBXFileReference; lastKnownFileType = sourcecode.swift; path = ViewController.swift; sourceTree = "<group>"; };
		52DC0FEC2595E063009AC759 /* Base */ = {isa = PBXFileReference; lastKnownFileType = file.storyboard; name = Base; path = Base.lproj/Main.storyboard; sourceTree = "<group>"; };
		52DC0FEE2595E066009AC759 /* Assets.xcassets */ = {isa = PBXFileReference; lastKnownFileType = folder.assetcatalog; path = Assets.xcassets; sourceTree = "<group>"; };
		52DC0FF12595E066009AC759 /* Base */ = {isa = PBXFileReference; lastKnownFileType = file.storyboard; name = Base; path = Base.lproj/LaunchScreen.storyboard; sourceTree = "<group>"; };
		52DC0FF32595E066009AC759 /* Info.plist */ = {isa = PBXFileReference; lastKnownFileType = text.plist.xml; path = Info.plist; sourceTree = "<group>"; };
		52DC0FFA2595FA82009AC759 /* TaskCell.swift */ = {isa = PBXFileReference; lastKnownFileType = sourcecode.swift; path = TaskCell.swift; sourceTree = "<group>"; };
/* End PBXFileReference section */

/* Begin PBXFrameworksBuildPhase section */
		52DC0FDF2595E063009AC759 /* Frameworks */ = {
			isa = PBXFrameworksBuildPhase;
			buildActionMask = 2147483647;
			files = (
			);
			runOnlyForDeploymentPostprocessing = 0;
		};
/* End PBXFrameworksBuildPhase section */

/* Begin PBXGroup section */
		52DC0FD92595E063009AC759 = {
			isa = PBXGroup;
			children = (
				52DC0FE42595E063009AC759 /* ProjectEuler */,
				52DC0FE32595E063009AC759 /* Products */,
			);
			sourceTree = "<group>";
		};
		52DC0FE32595E063009AC759 /* Products */ = {
			isa = PBXGroup;
			children = (
				52DC0FE22595E063009AC759 /* ProjectEuler.app */,
			);
			name = Products;
			sourceTree = "<group>";
		};
		52DC0FE42595E063009AC759 /* ProjectEuler */ = {
			isa = PBXGroup;
			children = (
				52DC0FE52595E063009AC759 /* AppDelegate.swift */,
				52DC0FE72595E063009AC759 /* SceneDelegate.swift */,
				52DC0FE92595E063009AC759 /* ViewController.swift */,
				52DC0FEB2595E063009AC759 /* Main.storyboard */,
				52DC0FEE2595E066009AC759 /* Assets.xcassets */,
				52DC0FF02595E066009AC759 /* LaunchScreen.storyboard */,
				52DC0FF32595E066009AC759 /* Info.plist */,
				52DC0FFA2595FA82009AC759 /* TaskCell.swift */,
			);
			path = ProjectEuler;
			sourceTree = "<group>";
		};
/* End PBXGroup section */

/* Begin PBXNativeTarget section */
		52DC0FE12595E063009AC759 /* ProjectEuler */ = {
			isa = PBXNativeTarget;
			buildConfigurationList = 52DC0FF62595E066009AC759 /* Build configuration list for PBXNativeTarget "ProjectEuler" */;
			buildPhases = (
				52DC0FDE2595E063009AC759 /* Sources */,
				52DC0FDF2595E063009AC759 /* Frameworks */,
				52DC0FE02595E063009AC759 /* Resources */,
			);
			buildRules = (
			);
			dependencies = (
			);
			name = ProjectEuler;
			productName = ProjectEuler;
			productReference = 52DC0FE22595E063009AC759 /* ProjectEuler.app */;
			productType = "com.apple.product-type.application";
		};
/* End PBXNativeTarget section */

/* Begin PBXProject section */
		52DC0FDA2595E063009AC759 /* Project object */ = {
			isa = PBXProject;
			attributes = {
				LastSwiftUpdateCheck = 1220;
				LastUpgradeCheck = 1220;
				TargetAttributes = {
					52DC0FE12595E063009AC759 = {
						CreatedOnToolsVersion = 12.2;
					};
				};
			};
			buildConfigurationList = 52DC0FDD2595E063009AC759 /* Build configuration list for PBXProject "ProjectEuler" */;
			compatibilityVersion = "Xcode 9.3";
			developmentRegion = en;
			hasScannedForEncodings = 0;
			knownRegions = (
				en,
				Base,
			);
			mainGroup = 52DC0FD92595E063009AC759;
			productRefGroup = 52DC0FE32595E063009AC759 /* Products */;
			projectDirPath = "";
			projectRoot = "";
			targets = (
				52DC0FE12595E063009AC759 /* ProjectEuler */,
			);
		};
/* End PBXProject section */

/* Begin PBXResourcesBuildPhase section */
		52DC0FE02595E063009AC759 /* Resources */ = {
			isa = PBXResourcesBuildPhase;
			buildActionMask = 2147483647;
			files = (
				52DC0FF22595E066009AC759 /* LaunchScreen.storyboard in Resources */,
				52DC0FEF2595E066009AC759 /* Assets.xcassets in Resources */,
				52DC0FED2595E063009AC759 /* Main.storyboard in Resources */,
			);
			runOnlyForDeploymentPostprocessing = 0;
		};
/* End PBXResourcesBuildPhase section */

/* Begin PBXSourcesBuildPhase section */
		52DC0FDE2595E063009AC759 /* Sources */ = {
			isa = PBXSourcesBuildPhase;
			buildActionMask = 2147483647;
			files = (
				52DC0FFB2595FA82009AC759 /* TaskCell.swift in Sources */,
				52DC0FEA2595E063009AC759 /* ViewController.swift in Sources */,
				52DC0FE62595E063009AC759 /* AppDelegate.swift in Sources */,
				52DC0FE82595E063009AC759 /* SceneDelegate.swift in Sources */,
			);
			runOnlyForDeploymentPostprocessing = 0;
		};
/* End PBXSourcesBuildPhase section */

/* Begin PBXVariantGroup section */
		52DC0FEB2595E063009AC759 /* Main.storyboard */ = {
			isa = PBXVariantGroup;
			children = (
				52DC0FEC2595E063009AC759 /* Base */,
			);
			name = Main.storyboard;
			sourceTree = "<group>";
		};
		52DC0FF02595E066009AC759 /* LaunchScreen.storyboard */ = {
			isa = PBXVariantGroup;
			children = (
				52DC0FF12595E066009AC759 /* Base */,
			);
			name = LaunchScreen.storyboard;
			sourceTree = "<group>";
		};
/* End PBXVariantGroup section */

/* Begin XCBuildConfiguration section */
		52DC0FF42595E066009AC759 /* Debug */ = {
			isa = XCBuildConfiguration;
			buildSettings = {
				ALWAYS_SEARCH_USER_PATHS = NO;
				CLANG_ANALYZER_NONNULL = YES;
				CLANG_ANALYZER_NUMBER_OBJECT_CONVERSION = YES_AGGRESSIVE;
				CLANG_CXX_LANGUAGE_STANDARD = "gnu++14";
				CLANG_CXX_LIBRARY = "libc++";
				CLANG_ENABLE_MODULES = YES;
				CLANG_ENABLE_OBJC_ARC = YES;
				CLANG_ENABLE_OBJC_WEAK = YES;
				CLANG_WARN_BLOCK_CAPTURE_AUTORELEASING = YES;
				CLANG_WARN_BOOL_CONVERSION = YES;
				CLANG_WARN_COMMA = YES;
				CLANG_WARN_CONSTANT_CONVERSION = YES;
				CLANG_WARN_DEPRECATED_OBJC_IMPLEMENTATIONS = YES;
				CLANG_WARN_DIRECT_OBJC_ISA_USAGE = YES_ERROR;
				CLANG_WARN_DOCUMENTATION_COMMENTS = YES;
				CLANG_WARN_EMPTY_BODY = YES;
				CLANG_WARN_ENUM_CONVERSION = YES;
				CLANG_WARN_INFINITE_RECURSION = YES;
				CLANG_WARN_INT_CONVERSION = YES;
				CLANG_WARN_NON_LITERAL_NULL_CONVERSION = YES;
				CLANG_WARN_OBJC_IMPLICIT_RETAIN_SELF = YES;
				CLANG_WARN_OBJC_LITERAL_CONVERSION = YES;
				CLANG_WARN_OBJC_ROOT_CLASS = YES_ERROR;
				CLANG_WARN_QUOTED_INCLUDE_IN_FRAMEWORK_HEADER = YES;
				CLANG_WARN_RANGE_LOOP_ANALYSIS = YES;
				CLANG_WARN_STRICT_PROTOTYPES = YES;
				CLANG_WARN_SUSPICIOUS_MOVE = YES;
				CLANG_WARN_UNGUARDED_AVAILABILITY = YES_AGGRESSIVE;
				CLANG_WARN_UNREACHABLE_CODE = YES;
				CLANG_WARN__DUPLICATE_METHOD_MATCH = YES;
				COPY_PHASE_STRIP = NO;
				DEBUG_INFORMATION_FORMAT = dwarf;
				ENABLE_STRICT_OBJC_MSGSEND = YES;
				ENABLE_TESTABILITY = YES;
				GCC_C_LANGUAGE_STANDARD = gnu11;
				GCC_DYNAMIC_NO_PIC = NO;
				GCC_NO_COMMON_BLOCKS = YES;
				GCC_OPTIMIZATION_LEVEL = 0;
				GCC_PREPROCESSOR_DEFINITIONS = (
					"DEBUG=1",
					"$(inherited)",
				);
				GCC_WARN_64_TO_32_BIT_CONVERSION = YES;
				GCC_WARN_ABOUT_RETURN_TYPE = YES_ERROR;
				GCC_WARN_UNDECLARED_SELECTOR = YES;
				GCC_WARN_UNINITIALIZED_AUTOS = YES_AGGRESSIVE;
				GCC_WARN_UNUSED_FUNCTION = YES;
				GCC_WARN_UNUSED_VARIABLE = YES;
				IPHONEOS_DEPLOYMENT_TARGET = 14.2;
				MTL_ENABLE_DEBUG_INFO = INCLUDE_SOURCE;
				MTL_FAST_MATH = YES;
				ONLY_ACTIVE_ARCH = YES;
				SDKROOT = iphoneos;
				SWIFT_ACTIVE_COMPILATION_CONDITIONS = DEBUG;
				SWIFT_OPTIMIZATION_LEVEL = "-Onone";
			};
			name = Debug;
		};
		52DC0FF52595E066009AC759 /* Release */ = {
			isa = XCBuildConfiguration;
			buildSettings = {
				ALWAYS_SEARCH_USER_PATHS = NO;
				CLANG_ANALYZER_NONNULL = YES;
				CLANG_ANALYZER_NUMBER_OBJECT_CONVERSION = YES_AGGRESSIVE;
				CLANG_CXX_LANGUAGE_STANDARD = "gnu++14";
				CLANG_CXX_LIBRARY = "libc++";
				CLANG_ENABLE_MODULES = YES;
				CLANG_ENABLE_OBJC_ARC = YES;
				CLANG_ENABLE_OBJC_WEAK = YES;
				CLANG_WARN_BLOCK_CAPTURE_AUTORELEASING = YES;
				CLANG_WARN_BOOL_CONVERSION = YES;
				CLANG_WARN_COMMA = YES;
				CLANG_WARN_CONSTANT_CONVERSION = YES;
				CLANG_WARN_DEPRECATED_OBJC_IMPLEMENTATIONS = YES;
				CLANG_WARN_DIRECT_OBJC_ISA_USAGE = YES_ERROR;
				CLANG_WARN_DOCUMENTATION_COMMENTS = YES;
				CLANG_WARN_EMPTY_BODY = YES;
				CLANG_WARN_ENUM_CONVERSION = YES;
				CLANG_WARN_INFINITE_RECURSION = YES;
				CLANG_WARN_INT_CONVERSION = YES;
				CLANG_WARN_NON_LITERAL_NULL_CONVERSION = YES;
				CLANG_WARN_OBJC_IMPLICIT_RETAIN_SELF = YES;
				CLANG_WARN_OBJC_LITERAL_CONVERSION = YES;
				CLANG_WARN_OBJC_ROOT_CLASS = YES_ERROR;
				CLANG_WARN_QUOTED_INCLUDE_IN_FRAMEWORK_HEADER = YES;
				CLANG_WARN_RANGE_LOOP_ANALYSIS = YES;
				CLANG_WARN_STRICT_PROTOTYPES = YES;
				CLANG_WARN_SUSPICIOUS_MOVE = YES;
				CLANG_WARN_UNGUARDED_AVAILABILITY = YES_AGGRESSIVE;
				CLANG_WARN_UNREACHABLE_CODE = YES;
				CLANG_WARN__DUPLICATE_METHOD_MATCH = YES;
				COPY_PHASE_STRIP = NO;
				DEBUG_INFORMATION_FORMAT = "dwarf-with-dsym";
				ENABLE_NS_ASSERTIONS = NO;
				ENABLE_STRICT_OBJC_MSGSEND = YES;
				GCC_C_LANGUAGE_STANDARD = gnu11;
				GCC_NO_COMMON_BLOCKS = YES;
				GCC_WARN_64_TO_32_BIT_CONVERSION = YES;
				GCC_WARN_ABOUT_RETURN_TYPE = YES_ERROR;
				GCC_WARN_UNDECLARED_SELECTOR = YES;
				GCC_WARN_UNINITIALIZED_AUTOS = YES_AGGRESSIVE;
				GCC_WARN_UNUSED_FUNCTION = YES;
				GCC_WARN_UNUSED_VARIABLE = YES;
				IPHONEOS_DEPLOYMENT_TARGET = 14.2;
				MTL_ENABLE_DEBUG_INFO = NO;
				MTL_FAST_MATH = YES;
				SDKROOT = iphoneos;
				SWIFT_COMPILATION_MODE = wholemodule;
				SWIFT_OPTIMIZATION_LEVEL = "-O";
				VALIDATE_PRODUCT = YES;
			};
			name = Release;
		};
		52DC0FF72595E066009AC759 /* Debug */ = {
			isa = XCBuildConfiguration;
			buildSettings = {
				ASSETCATALOG_COMPILER_APPICON_NAME = AppIcon;
				ASSETCATALOG_COMPILER_GLOBAL_ACCENT_COLOR_NAME = AccentColor;
				CODE_SIGN_STYLE = Automatic;
				DEVELOPMENT_TEAM = 47XAJM48N4;
				INFOPLIST_FILE = ProjectEuler/Info.plist;
				LD_RUNPATH_SEARCH_PATHS = (
					"$(inherited)",
					"@executable_path/Frameworks",
				);
				PRODUCT_BUNDLE_IDENTIFIER = ru.rostislav.ProjectEuler;
				PRODUCT_NAME = "$(TARGET_NAME)";
				SWIFT_VERSION = 5.0;
				TARGETED_DEVICE_FAMILY = "1,2";
			};
			name = Debug;
		};
		52DC0FF82595E066009AC759 /* Release */ = {
			isa = XCBuildConfiguration;
			buildSettings = {
				ASSETCATALOG_COMPILER_APPICON_NAME = AppIcon;
				ASSETCATALOG_COMPILER_GLOBAL_ACCENT_COLOR_NAME = AccentColor;
				CODE_SIGN_STYLE = Automatic;
				DEVELOPMENT_TEAM = 47XAJM48N4;
				INFOPLIST_FILE = ProjectEuler/Info.plist;
				LD_RUNPATH_SEARCH_PATHS = (
					"$(inherited)",
					"@executable_path/Frameworks",
				);
				PRODUCT_BUNDLE_IDENTIFIER = ru.rostislav.ProjectEuler;
				PRODUCT_NAME = "$(TARGET_NAME)";
				SWIFT_VERSION = 5.0;
				TARGETED_DEVICE_FAMILY = "1,2";
			};
			name = Release;
		};
/* End XCBuildConfiguration section */

/* Begin XCConfigurationList section */
		52DC0FDD2595E063009AC759 /* Build configuration list for PBXProject "ProjectEuler" */ = {
			isa = XCConfigurationList;
			buildConfigurations = (
				52DC0FF42595E066009AC759 /* Debug */,
				52DC0FF52595E066009AC759 /* Release */,
			);
			defaultConfigurationIsVisible = 0;
			defaultConfigurationName = Release;
		};
		52DC0FF62595E066009AC759 /* Build configuration list for PBXNativeTarget "ProjectEuler" */ = {
			isa = XCConfigurationList;
			buildConfigurations = (
				52DC0FF72595E066009AC759 /* Debug */,
				52DC0FF82595E066009AC759 /* Release */,
			);
			defaultConfigurationIsVisible = 0;
			defaultConfigurationName = Release;
		};
/* End XCConfigurationList section */
	};
	rootObject = 52DC0FDA2595E063009AC759 /* Project object */;
}
